
Microsoft Visual Studio Solution File, Format Version 12.00
# Visual Studio 15
Project("{FAE04EC0-301F-11D3-BF4B-00C04F79EFBC}") = "UnityEngine.TestRunner", "UnityEngine.TestRunner.csproj", "{0E9EBB39-DB02-E056-5DDB-739AC01BFA3A}"
EndProject
Project("{FAE04EC0-301F-11D3-BF4B-00C04F79EFBC}") = "Unity.TextMeshPro", "Unity.TextMeshPro.csproj", "{5FE9274F-AB9E-EB13-09A0-E333DCB84CCB}"
EndProject
Project("{FAE04EC0-301F-11D3-BF4B-00C04F79EFBC}") = "Unity.Timeline", "Unity.Timeline.csproj", "{05E298AF-E0B3-9ED1-724D-6452A63A054B}"
EndProject
Project("{FAE04EC0-301F-11D3-BF4B-00C04F79EFBC}") = "Assembly-CSharp", "Assembly-CSharp.csproj", "{C4AA97F2-05DA-C0C0-AD7B-5E60C56BEAD8}"
EndProject
Project("{FAE04EC0-301F-11D3-BF4B-00C04F79EFBC}") = "Unity.TextMeshPro.Editor", "Unity.TextMeshPro.Editor.csproj", "{FD473ECD-8774-DBF6-792A-CD5D6239BE7C}"
EndProject
Project("{FAE04EC0-301F-11D3-BF4B-00C04F79EFBC}") = "Unity.Timeline.Editor", "Unity.Timeline.Editor.csproj", "{D5AFCE23-7A67-F979-C491-E78756522C61}"
EndProject
Project("{FAE04EC0-301F-11D3-BF4B-00C04F79EFBC}") = "Unity.CollabProxy.Editor", "Unity.CollabProxy.Editor.csproj", "{4C7976EB-9BB1-DCF2-19C8-1006ADABD52B}"
EndProject
Project("{FAE04EC0-301F-11D3-BF4B-00C04F79EFBC}") = "UnityEditor.TestRunner", "UnityEditor.TestRunner.csproj", "{6C62700E-3F4C-46AF-B238-1011B99D87D2}"
EndProject
Project("{FAE04EC0-301F-11D3-BF4B-00C04F79EFBC}") = "Unity.Rider.Editor", "Unity.Rider.Editor.csproj", "{4214745A-4948-ADF5-ACFA-A72116D514FD}"
EndProject
Project("{FAE04EC0-301F-11D3-BF4B-00C04F79EFBC}") = "Unity.VisualStudio.Editor", "Unity.VisualStudio.Editor.csproj", "{0BC56D79-7811-9653-65A9-60E880E0823F}"
EndProject
Project("{FAE04EC0-301F-11D3-BF4B-00C04F79EFBC}") = "Unity.VSCode.Editor", "Unity.VSCode.Editor.csproj", "{D1C354FB-5725-BCEB-7D0F-459ED70D2EFE}"
EndProject
Global
	GlobalSection(SolutionConfigurationPlatforms) = preSolution
		Debug|Any CPU = Debug|Any CPU
		Release|Any CPU = Release|Any CPU
	EndGlobalSection
	GlobalSection(ProjectConfigurationPlatforms) = postSolution
		{0E9EBB39-DB02-E056-5DDB-739AC01BFA3A}.Debug|Any CPU.ActiveCfg = Debug|Any CPU
		{0E9EBB39-DB02-E056-5DDB-739AC01BFA3A}.Debug|Any CPU.Build.0 = Debug|Any CPU
		{0E9EBB39-DB02-E056-5DDB-739AC01BFA3A}.Release|Any CPU.ActiveCfg = Release|Any CPU
		{0E9EBB39-DB02-E056-5DDB-739AC01BFA3A}.Release|Any CPU.Build.0 = Release|Any CPU
		{5FE9274F-AB9E-EB13-09A0-E333DCB84CCB}.Debug|Any CPU.ActiveCfg = Debug|Any CPU
		{5FE9274F-AB9E-EB13-09A0-E333DCB84CCB}.Debug|Any CPU.Build.0 = Debug|Any CPU
		{5FE9274F-AB9E-EB13-09A0-E333DCB84CCB}.Release|Any CPU.ActiveCfg = Release|Any CPU
		{5FE9274F-AB9E-EB13-09A0-E333DCB84CCB}.Release|Any CPU.Build.0 = Release|Any CPU
		{05E298AF-E0B3-9ED1-724D-6452A63A054B}.Debug|Any CPU.ActiveCfg = Debug|Any CPU
		{05E298AF-E0B3-9ED1-724D-6452A63A054B}.Debug|Any CPU.Build.0 = Debug|Any CPU
		{05E298AF-E0B3-9ED1-724D-6452A63A054B}.Release|Any CPU.ActiveCfg = Release|Any CPU
		{05E298AF-E0B3-9ED1-724D-6452A63A054B}.Release|Any CPU.Build.0 = Release|Any CPU
		{C4AA97F2-05DA-C0C0-AD7B-5E60C56BEAD8}.Debug|Any CPU.ActiveCfg = Debug|Any CPU
		{C4AA97F2-05DA-C0C0-AD7B-5E60C56BEAD8}.Debug|Any CPU.Build.0 = Debug|Any CPU
		{C4AA97F2-05DA-C0C0-AD7B-5E60C56BEAD8}.Release|Any CPU.ActiveCfg = Release|Any CPU
		{C4AA97F2-05DA-C0C0-AD7B-5E60C56BEAD8}.Release|Any CPU.Build.0 = Release|Any CPU
		{FD473ECD-8774-DBF6-792A-CD5D6239BE7C}.Debug|Any CPU.ActiveCfg = Debug|Any CPU
		{FD473ECD-8774-DBF6-792A-CD5D6239BE7C}.Debug|Any CPU.Build.0 = Debug|Any CPU
		{FD473ECD-8774-DBF6-792A-CD5D6239BE7C}.Release|Any CPU.ActiveCfg = Release|Any CPU
		{FD473ECD-8774-DBF6-792A-CD5D6239BE7C}.Release|Any CPU.Build.0 = Release|Any CPU
		{D5AFCE23-7A67-F979-C491-E78756522C61}.Debug|Any CPU.ActiveCfg = Debug|Any CPU
		{D5AFCE23-7A67-F979-C491-E78756522C61}.Debug|Any CPU.Build.0 = Debug|Any CPU
		{D5AFCE23-7A67-F979-C491-E78756522C61}.Release|Any CPU.ActiveCfg = Release|Any CPU
		{D5AFCE23-7A67-F979-C491-E78756522C61}.Release|Any CPU.Build.0 = Release|Any CPU
		{4C7976EB-9BB1-DCF2-19C8-1006ADABD52B}.Debug|Any CPU.ActiveCfg = Debug|Any CPU
		{4C7976EB-9BB1-DCF2-19C8-1006ADABD52B}.Debug|Any CPU.Build.0 = Debug|Any CPU
		{4C7976EB-9BB1-DCF2-19C8-1006ADABD52B}.Release|Any CPU.ActiveCfg = Release|Any CPU
		{4C7976EB-9BB1-DCF2-19C8-1006ADABD52B}.Release|Any CPU.Build.0 = Release|Any CPU
		{6C62700E-3F4C-46AF-B238-1011B99D87D2}.Debug|Any CPU.ActiveCfg = Debug|Any CPU
		{6C62700E-3F4C-46AF-B238-1011B99D87D2}.Debug|Any CPU.Build.0 = Debug|Any CPU
		{6C62700E-3F4C-46AF-B238-1011B99D87D2}.Release|Any CPU.ActiveCfg = Release|Any CPU
		{6C62700E-3F4C-46AF-B238-1011B99D87D2}.Release|Any CPU.Build.0 = Release|Any CPU
		{4214745A-4948-ADF5-ACFA-A72116D514FD}.Debug|Any CPU.ActiveCfg = Debug|Any CPU
		{4214745A-4948-ADF5-ACFA-A72116D514FD}.Debug|Any CPU.Build.0 = Debug|Any CPU
		{4214745A-4948-ADF5-ACFA-A72116D514FD}.Release|Any CPU.ActiveCfg = Release|Any CPU
		{4214745A-4948-ADF5-ACFA-A72116D514FD}.Release|Any CPU.Build.0 = Release|Any CPU
		{0BC56D79-7811-9653-65A9-60E880E0823F}.Debug|Any CPU.ActiveCfg = Debug|Any CPU
		{0BC56D79-7811-9653-65A9-60E880E0823F}.Debug|Any CPU.Build.0 = Debug|Any CPU
		{0BC56D79-7811-9653-65A9-60E880E0823F}.Release|Any CPU.ActiveCfg = Release|Any CPU
		{0BC56D79-7811-9653-65A9-60E880E0823F}.Release|Any CPU.Build.0 = Release|Any CPU
		{D1C354FB-5725-BCEB-7D0F-459ED70D2EFE}.Debug|Any CPU.ActiveCfg = Debug|Any CPU
		{D1C354FB-5725-BCEB-7D0F-459ED70D2EFE}.Debug|Any CPU.Build.0 = Debug|Any CPU
		{D1C354FB-5725-BCEB-7D0F-459ED70D2EFE}.Release|Any CPU.ActiveCfg = Release|Any CPU
		{D1C354FB-5725-BCEB-7D0F-459ED70D2EFE}.Release|Any CPU.Build.0 = Release|Any CPU
	EndGlobalSection
	GlobalSection(SolutionProperties) = preSolution
		HideSolutionNode = FALSE
	EndGlobalSection
EndGlobal
