
Microsoft Visual Studio Solution File, Format Version 12.00
# Visual Studio 15
Project("{FAE04EC0-301F-11D3-BF4B-00C04F79EFBC}") = "UnityEngine.TestRunner", "UnityEngine.TestRunner.csproj", "{4031BDF3-2A00-53EA-AE94-CBF75DA528BC}"
EndProject
Project("{FAE04EC0-301F-11D3-BF4B-00C04F79EFBC}") = "Unity.TextMeshPro", "Unity.TextMeshPro.csproj", "{FA63ACF1-87D2-A18D-2848-36FB56F8C988}"
EndProject
Project("{FAE04EC0-301F-11D3-BF4B-00C04F79EFBC}") = "Unity.Timeline", "Unity.Timeline.csproj", "{42E9634E-14F9-F7BB-799F-EC3276C804B4}"
EndProject
Project("{FAE04EC0-301F-11D3-BF4B-00C04F79EFBC}") = "Assembly-CSharp", "Assembly-CSharp.csproj", "{E1D65B0F-4820-4B52-E4C9-D9D70839C9F5}"
EndProject
Project("{FAE04EC0-301F-11D3-BF4B-00C04F79EFBC}") = "Unity.TextMeshPro.Editor", "Unity.TextMeshPro.Editor.csproj", "{120CD182-4DD6-A83D-2ADF-49DE4BB5BD65}"
EndProject
Project("{FAE04EC0-301F-11D3-BF4B-00C04F79EFBC}") = "Unity.Timeline.Editor", "Unity.Timeline.Editor.csproj", "{2FFCC3D9-175C-3C7B-E4E9-0ED0426C655D}"
EndProject
Project("{FAE04EC0-301F-11D3-BF4B-00C04F79EFBC}") = "Unity.CollabProxy.Editor", "Unity.CollabProxy.Editor.csproj", "{35D709D2-861F-2966-964F-EA8BAD41F141}"
EndProject
Project("{FAE04EC0-301F-11D3-BF4B-00C04F79EFBC}") = "UnityEditor.TestRunner", "UnityEditor.TestRunner.csproj", "{E39FC9AE-E264-B26C-5A2F-92E12550B5AD}"
EndProject
Project("{FAE04EC0-301F-11D3-BF4B-00C04F79EFBC}") = "Unity.Rider.Editor", "Unity.Rider.Editor.csproj", "{E13E61F6-5EFA-C9EE-84FB-FDE9D317D1D3}"
EndProject
Project("{FAE04EC0-301F-11D3-BF4B-00C04F79EFBC}") = "Unity.VisualStudio.Editor", "Unity.VisualStudio.Editor.csproj", "{0C06136E-662E-D8F4-373F-15FA33AE0A4F}"
EndProject
Project("{FAE04EC0-301F-11D3-BF4B-00C04F79EFBC}") = "Unity.VSCode.Editor", "Unity.VSCode.Editor.csproj", "{C93A1D38-D383-CA76-CFFD-8929E0856DD5}"
EndProject
Global
	GlobalSection(SolutionConfigurationPlatforms) = preSolution
		Debug|Any CPU = Debug|Any CPU
		Release|Any CPU = Release|Any CPU
	EndGlobalSection
	GlobalSection(ProjectConfigurationPlatforms) = postSolution
		{4031BDF3-2A00-53EA-AE94-CBF75DA528BC}.Debug|Any CPU.ActiveCfg = Debug|Any CPU
		{4031BDF3-2A00-53EA-AE94-CBF75DA528BC}.Debug|Any CPU.Build.0 = Debug|Any CPU
		{4031BDF3-2A00-53EA-AE94-CBF75DA528BC}.Release|Any CPU.ActiveCfg = Release|Any CPU
		{4031BDF3-2A00-53EA-AE94-CBF75DA528BC}.Release|Any CPU.Build.0 = Release|Any CPU
		{FA63ACF1-87D2-A18D-2848-36FB56F8C988}.Debug|Any CPU.ActiveCfg = Debug|Any CPU
		{FA63ACF1-87D2-A18D-2848-36FB56F8C988}.Debug|Any CPU.Build.0 = Debug|Any CPU
		{FA63ACF1-87D2-A18D-2848-36FB56F8C988}.Release|Any CPU.ActiveCfg = Release|Any CPU
		{FA63ACF1-87D2-A18D-2848-36FB56F8C988}.Release|Any CPU.Build.0 = Release|Any CPU
		{42E9634E-14F9-F7BB-799F-EC3276C804B4}.Debug|Any CPU.ActiveCfg = Debug|Any CPU
		{42E9634E-14F9-F7BB-799F-EC3276C804B4}.Debug|Any CPU.Build.0 = Debug|Any CPU
		{42E9634E-14F9-F7BB-799F-EC3276C804B4}.Release|Any CPU.ActiveCfg = Release|Any CPU
		{42E9634E-14F9-F7BB-799F-EC3276C804B4}.Release|Any CPU.Build.0 = Release|Any CPU
		{E1D65B0F-4820-4B52-E4C9-D9D70839C9F5}.Debug|Any CPU.ActiveCfg = Debug|Any CPU
		{E1D65B0F-4820-4B52-E4C9-D9D70839C9F5}.Debug|Any CPU.Build.0 = Debug|Any CPU
		{E1D65B0F-4820-4B52-E4C9-D9D70839C9F5}.Release|Any CPU.ActiveCfg = Release|Any CPU
		{E1D65B0F-4820-4B52-E4C9-D9D70839C9F5}.Release|Any CPU.Build.0 = Release|Any CPU
		{120CD182-4DD6-A83D-2ADF-49DE4BB5BD65}.Debug|Any CPU.ActiveCfg = Debug|Any CPU
		{120CD182-4DD6-A83D-2ADF-49DE4BB5BD65}.Debug|Any CPU.Build.0 = Debug|Any CPU
		{120CD182-4DD6-A83D-2ADF-49DE4BB5BD65}.Release|Any CPU.ActiveCfg = Release|Any CPU
		{120CD182-4DD6-A83D-2ADF-49DE4BB5BD65}.Release|Any CPU.Build.0 = Release|Any CPU
		{2FFCC3D9-175C-3C7B-E4E9-0ED0426C655D}.Debug|Any CPU.ActiveCfg = Debug|Any CPU
		{2FFCC3D9-175C-3C7B-E4E9-0ED0426C655D}.Debug|Any CPU.Build.0 = Debug|Any CPU
		{2FFCC3D9-175C-3C7B-E4E9-0ED0426C655D}.Release|Any CPU.ActiveCfg = Release|Any CPU
		{2FFCC3D9-175C-3C7B-E4E9-0ED0426C655D}.Release|Any CPU.Build.0 = Release|Any CPU
		{35D709D2-861F-2966-964F-EA8BAD41F141}.Debug|Any CPU.ActiveCfg = Debug|Any CPU
		{35D709D2-861F-2966-964F-EA8BAD41F141}.Debug|Any CPU.Build.0 = Debug|Any CPU
		{35D709D2-861F-2966-964F-EA8BAD41F141}.Release|Any CPU.ActiveCfg = Release|Any CPU
		{35D709D2-861F-2966-964F-EA8BAD41F141}.Release|Any CPU.Build.0 = Release|Any CPU
		{E39FC9AE-E264-B26C-5A2F-92E12550B5AD}.Debug|Any CPU.ActiveCfg = Debug|Any CPU
		{E39FC9AE-E264-B26C-5A2F-92E12550B5AD}.Debug|Any CPU.Build.0 = Debug|Any CPU
		{E39FC9AE-E264-B26C-5A2F-92E12550B5AD}.Release|Any CPU.ActiveCfg = Release|Any CPU
		{E39FC9AE-E264-B26C-5A2F-92E12550B5AD}.Release|Any CPU.Build.0 = Release|Any CPU
		{E13E61F6-5EFA-C9EE-84FB-FDE9D317D1D3}.Debug|Any CPU.ActiveCfg = Debug|Any CPU
		{E13E61F6-5EFA-C9EE-84FB-FDE9D317D1D3}.Debug|Any CPU.Build.0 = Debug|Any CPU
		{E13E61F6-5EFA-C9EE-84FB-FDE9D317D1D3}.Release|Any CPU.ActiveCfg = Release|Any CPU
		{E13E61F6-5EFA-C9EE-84FB-FDE9D317D1D3}.Release|Any CPU.Build.0 = Release|Any CPU
		{0C06136E-662E-D8F4-373F-15FA33AE0A4F}.Debug|Any CPU.ActiveCfg = Debug|Any CPU
		{0C06136E-662E-D8F4-373F-15FA33AE0A4F}.Debug|Any CPU.Build.0 = Debug|Any CPU
		{0C06136E-662E-D8F4-373F-15FA33AE0A4F}.Release|Any CPU.ActiveCfg = Release|Any CPU
		{0C06136E-662E-D8F4-373F-15FA33AE0A4F}.Release|Any CPU.Build.0 = Release|Any CPU
		{C93A1D38-D383-CA76-CFFD-8929E0856DD5}.Debug|Any CPU.ActiveCfg = Debug|Any CPU
		{C93A1D38-D383-CA76-CFFD-8929E0856DD5}.Debug|Any CPU.Build.0 = Debug|Any CPU
		{C93A1D38-D383-CA76-CFFD-8929E0856DD5}.Release|Any CPU.ActiveCfg = Release|Any CPU
		{C93A1D38-D383-CA76-CFFD-8929E0856DD5}.Release|Any CPU.Build.0 = Release|Any CPU
	EndGlobalSection
	GlobalSection(SolutionProperties) = preSolution
		HideSolutionNode = FALSE
	EndGlobalSection
EndGlobal
